{
  "name": "dbt-bigquery-monitoring",
  "lockfileVersion": 3,
  "requires": true,
  "packages": {
    "": {
      "dependencies": {
        "@dataform/compat-for-dbt": "^0.0.2-dev.196",
        "@dataform/compat-for-dbt-adapters": "^1.17.3-dev.2",
        "@dataform/compat-for-dbt-bigquery": "^1.10.2-dev.2",
        "@dataform/core": "^3.0.56"
      }
    },
    "node_modules/@dataform/compat-for-dbt": {
      "version": "0.0.2-dev.196",
      "integrity": "sha512-aXY3uFA0txjaOBVVk7+uFPpxEJEh0l4i1wMzquCJzLre8K2vbX1sY8w1ceaa6HkCbuMY6pXsXKmbItloY+nR6w==",
      "license": "Apache-2.0",
      "dependencies": {
        "@dataform/core": "^3.0.56"
      },
      "engines": {
        "node": ">=25.0.0"
      }
    },
    "node_modules/@dataform/compat-for-dbt-adapters": {
      "version": "1.17.3-dev.2",
      "integrity": "sha512-NbpROZ9CqjD0y8paldcRaa0TmA2ZKoyo69HJylPDIXIU7oTqIymJInUqEqaHygFndLFh9EzSkC1jIwYTuoGNXg==",
      "license": "Apache-2.0"
    },
    "node_modules/@dataform/compat-for-dbt-bigquery": {
      "version": "1.10.2-dev.2",
      "integrity": "sha512-dMLyJoSQP1MzFq6POSQJaAHCzsZUOXj93rtj2Z5+06TfkRXF9A+ZNDUJ2KMj79ZYSELcMoHRjdKK/dH07qwoOA==",
      "license": "Apache-2.0"
    },
    "node_modules/@dataform/core": {
      "version": "3.0.56",
      "integrity": "sha512-VY6KyNc1X0H4JxtQdf8RqnCIrarFKbscwBjSOyPSDU2dRtHPmtwJxtdtZJV//sKYNnrbQk+b6ceINMQrMcttkw==",
      "license": "Apache-2.0"
    }
  }
}
