{
  "name": "dbt-bigquery-monitoring",
  "lockfileVersion": 3,
  "requires": true,
  "packages": {
    "": {
      "dependencies": {
        "@dataform/compat-for-dbt": "^0.2.13",
        "@dataform/compat-for-dbt-adapters": "^1.17.3",
        "@dataform/compat-for-dbt-bigquery": "^1.10.2",
        "@dataform/core": "^3.0.57"
      }
    },
    "node_modules/@dataform/compat-for-dbt": {
      "version": "0.2.13",
      "integrity": "sha512-yHq0TsmMeHbyiIMomqZ4ZOVtMaPN0eMpk/Tk5kKRJADLhceWndW3bNa1oTWXIJNNTLQdWiKrZuADDH8CydSwzA==",
      "license": "Apache-2.0",
      "dependencies": {
        "@dataform/core": "^3.0.56"
      },
      "engines": {
        "node": ">=25.0.0"
      }
    },
    "node_modules/@dataform/compat-for-dbt-adapters": {
      "version": "1.17.3",
      "integrity": "sha512-HVnR/C3oXDuHpzhqHVlWSRdlT83M4Pgc3M3SSlkXb12g8EF1+EHAs9IF5UP2ydWNnpb7FZMphcPONXlwz2A/Qw==",
      "license": "Apache-2.0"
    },
    "node_modules/@dataform/compat-for-dbt-bigquery": {
      "version": "1.10.2",
      "integrity": "sha512-ZPZ5ICp8u+gzcr92Fiidl5TaW6ISLiFuopmnlIDSRDn9e+AGNa8LnzmUEecqzXwGIfudx/MwStWoQVQN+PGIbw==",
      "license": "Apache-2.0"
    },
    "node_modules/@dataform/core": {
      "version": "3.0.57",
      "integrity": "sha512-O86rn9qY9z9M53xZFY2cvYy+bB7YYth947hmnzrhlsHHjXVH1ZH4CZijkRCe358HHvlWlnUl1f/gNesPY1RGsg==",
      "license": "Apache-2.0"
    }
  }
}
